
Microsoft Visual Studio Solution File, Format Version 12.00
# Visual Studio Version 17
VisualStudioVersion = 17.2.32616.157
MinimumVisualStudioVersion = 10.0.40219.1
Project("{FAE04EC0-301F-11D3-BF4B-00C04F79EFBC}") = "Tasarım", "Tasarım\Tasarım.csproj", "{5EB47540-38C1-4339-8365-5D86EC46E9FC}"
EndProject
Project("{FAE04EC0-301F-11D3-BF4B-00C04F79EFBC}") = "SifreGucuKontrol", "SifreGucuKontrol\SifreGucuKontrol.csproj", "{42E3F061-138A-428D-BDB3-7B427FA4DE88}"
EndProject
Global
	GlobalSection(SolutionConfigurationPlatforms) = preSolution
		Debug|Any CPU = Debug|Any CPU
		Release|Any CPU = Release|Any CPU
	EndGlobalSection
	GlobalSection(ProjectConfigurationPlatforms) = postSolution
		{5EB47540-38C1-4339-8365-5D86EC46E9FC}.Debug|Any CPU.ActiveCfg = Debug|Any CPU
		{5EB47540-38C1-4339-8365-5D86EC46E9FC}.Debug|Any CPU.Build.0 = Debug|Any CPU
		{5EB47540-38C1-4339-8365-5D86EC46E9FC}.Release|Any CPU.ActiveCfg = Release|Any CPU
		{5EB47540-38C1-4339-8365-5D86EC46E9FC}.Release|Any CPU.Build.0 = Release|Any CPU
		{42E3F061-138A-428D-BDB3-7B427FA4DE88}.Debug|Any CPU.ActiveCfg = Debug|Any CPU
		{42E3F061-138A-428D-BDB3-7B427FA4DE88}.Debug|Any CPU.Build.0 = Debug|Any CPU
		{42E3F061-138A-428D-BDB3-7B427FA4DE88}.Release|Any CPU.ActiveCfg = Release|Any CPU
		{42E3F061-138A-428D-BDB3-7B427FA4DE88}.Release|Any CPU.Build.0 = Release|Any CPU
	EndGlobalSection
	GlobalSection(SolutionProperties) = preSolution
		HideSolutionNode = FALSE
	EndGlobalSection
	GlobalSection(ExtensibilityGlobals) = postSolution
		SolutionGuid = {D16B4547-D5FD-493E-8B3F-BA1DC73AEEBC}
	EndGlobalSection
EndGlobal
